// !$*UTF8*$!
{
	archiveVersion = 1;
	classes = {
	};
	objectVersion = 50;
	objects = {

/* Begin PBXBuildFile section */
		530BB36D20A4A097006B9B5B /* MapViewController.swift in Sources */ = {isa = PBXBuildFile; fileRef = 530BB36C20A4A097006B9B5B /* MapViewController.swift */; };
		530BB36F20A4A336006B9B5B /* CityLocation.swift in Sources */ = {isa = PBXBuildFile; fileRef = 530BB36E20A4A336006B9B5B /* CityLocation.swift */; };
		5381673C209F08C900620498 /* AppDelegate.swift in Sources */ = {isa = PBXBuildFile; fileRef = 5381673B209F08C900620498 /* AppDelegate.swift */; };
		53816741209F08C900620498 /* Main.storyboard in Resources */ = {isa = PBXBuildFile; fileRef = 5381673F209F08C900620498 /* Main.storyboard */; };
		53816746209F08CA00620498 /* LaunchScreen.storyboard in Resources */ = {isa = PBXBuildFile; fileRef = 53816744209F08CA00620498 /* LaunchScreen.storyboard */; };
		5384B75720A5BF320000EF69 /* Museo_Slab_100italic.otf in Resources */ = {isa = PBXBuildFile; fileRef = 5384B75120A5BF310000EF69 /* Museo_Slab_100italic.otf */; };
		5384B75820A5BF320000EF69 /* Museo_Slab_700.otf in Resources */ = {isa = PBXBuildFile; fileRef = 5384B75220A5BF310000EF69 /* Museo_Slab_700.otf */; };
		5384B75920A5BF320000EF69 /* Museo_Slab_500.otf in Resources */ = {isa = PBXBuildFile; fileRef = 5384B75320A5BF310000EF69 /* Museo_Slab_500.otf */; };
		5384B75A20A5BF320000EF69 /* Museo_Slab_500italic.otf in Resources */ = {isa = PBXBuildFile; fileRef = 5384B75420A5BF310000EF69 /* Museo_Slab_500italic.otf */; };
		5384B75B20A5BF320000EF69 /* Museo_Slab_700italic.otf in Resources */ = {isa = PBXBuildFile; fileRef = 5384B75520A5BF310000EF69 /* Museo_Slab_700italic.otf */; };
		5384B75C20A5BF320000EF69 /* Museo_Slab_100.otf in Resources */ = {isa = PBXBuildFile; fileRef = 5384B75620A5BF320000EF69 /* Museo_Slab_100.otf */; };
		5384B76F20A5E6710000EF69 /* locaties.json in Resources */ = {isa = PBXBuildFile; fileRef = 5384B76E20A5E6710000EF69 /* locaties.json */; };
		53AB18DB209F5DB00076499F /* Assets.xcassets in Resources */ = {isa = PBXBuildFile; fileRef = 53AB18DA209F5DB00076499F /* Assets.xcassets */; };
		53C8F158209F201200A8A40A /* CakeTableViewCell.swift in Sources */ = {isa = PBXBuildFile; fileRef = 53C8F157209F201200A8A40A /* CakeTableViewCell.swift */; };
		53C8F15C209F268200A8A40A /* CakeDetailViewController.swift in Sources */ = {isa = PBXBuildFile; fileRef = 53C8F15B209F268200A8A40A /* CakeDetailViewController.swift */; };
		53C8F15E209F2E0100A8A40A /* OrderTableViewController.swift in Sources */ = {isa = PBXBuildFile; fileRef = 53C8F15D209F2E0000A8A40A /* OrderTableViewController.swift */; };
		53C8F164209F309900A8A40A /* Order.swift in Sources */ = {isa = PBXBuildFile; fileRef = 53C8F163209F309900A8A40A /* Order.swift */; };
		53C8F166209F30BA00A8A40A /* Cake.swift in Sources */ = {isa = PBXBuildFile; fileRef = 53C8F165209F30BA00A8A40A /* Cake.swift */; };
		53FCC9EA20A429450046B12A /* CakeListTableViewController.swift in Sources */ = {isa = PBXBuildFile; fileRef = 53FCC9E920A429450046B12A /* CakeListTableViewController.swift */; };
		53FCCA2020A45D1B0046B12A /* HomeViewController.swift in Sources */ = {isa = PBXBuildFile; fileRef = 53FCCA1F20A45D1B0046B12A /* HomeViewController.swift */; };
		84B62624591C15EA8106A9B3 /* Pods_JuliesHouse.framework in Frameworks */ = {isa = PBXBuildFile; fileRef = 1A7FE801C87AE5BF60D3012E /* Pods_JuliesHouse.framework */; };
/* End PBXBuildFile section */

/* Begin PBXFileReference section */
		1A25B9D1AE013C32898D0BB7 /* Pods-JuliesHouse.debug.xcconfig */ = {isa = PBXFileReference; includeInIndex = 1; lastKnownFileType = text.xcconfig; name = "Pods-JuliesHouse.debug.xcconfig"; path = "Pods/Target Support Files/Pods-JuliesHouse/Pods-JuliesHouse.debug.xcconfig"; sourceTree = "<group>"; };
		1A7FE801C87AE5BF60D3012E /* Pods_JuliesHouse.framework */ = {isa = PBXFileReference; explicitFileType = wrapper.framework; includeInIndex = 0; path = Pods_JuliesHouse.framework; sourceTree = BUILT_PRODUCTS_DIR; };
		530BB36C20A4A097006B9B5B /* MapViewController.swift */ = {isa = PBXFileReference; lastKnownFileType = sourcecode.swift; path = MapViewController.swift; sourceTree = "<group>"; };
		530BB36E20A4A336006B9B5B /* CityLocation.swift */ = {isa = PBXFileReference; lastKnownFileType = sourcecode.swift; path = CityLocation.swift; sourceTree = "<group>"; };
		53816738209F08C900620498 /* JuliesHouse.app */ = {isa = PBXFileReference; explicitFileType = wrapper.application; includeInIndex = 0; path = JuliesHouse.app; sourceTree = BUILT_PRODUCTS_DIR; };
		5381673B209F08C900620498 /* AppDelegate.swift */ = {isa = PBXFileReference; lastKnownFileType = sourcecode.swift; path = AppDelegate.swift; sourceTree = "<group>"; };
		53816740209F08C900620498 /* Base */ = {isa = PBXFileReference; lastKnownFileType = file.storyboard; name = Base; path = Base.lproj/Main.storyboard; sourceTree = "<group>"; };
		53816745209F08CA00620498 /* Base */ = {isa = PBXFileReference; lastKnownFileType = file.storyboard; name = Base; path = Base.lproj/LaunchScreen.storyboard; sourceTree = "<group>"; };
		53816747209F08CA00620498 /* Info.plist */ = {isa = PBXFileReference; lastKnownFileType = text.plist.xml; path = Info.plist; sourceTree = "<group>"; };
		5384B75120A5BF310000EF69 /* Museo_Slab_100italic.otf */ = {isa = PBXFileReference; lastKnownFileType = file; path = Museo_Slab_100italic.otf; sourceTree = "<group>"; };
		5384B75220A5BF310000EF69 /* Museo_Slab_700.otf */ = {isa = PBXFileReference; lastKnownFileType = file; path = Museo_Slab_700.otf; sourceTree = "<group>"; };
		5384B75320A5BF310000EF69 /* Museo_Slab_500.otf */ = {isa = PBXFileReference; lastKnownFileType = file; path = Museo_Slab_500.otf; sourceTree = "<group>"; };
		5384B75420A5BF310000EF69 /* Museo_Slab_500italic.otf */ = {isa = PBXFileReference; lastKnownFileType = file; path = Museo_Slab_500italic.otf; sourceTree = "<group>"; };
		5384B75520A5BF310000EF69 /* Museo_Slab_700italic.otf */ = {isa = PBXFileReference; lastKnownFileType = file; path = Museo_Slab_700italic.otf; sourceTree = "<group>"; };
		5384B75620A5BF320000EF69 /* Museo_Slab_100.otf */ = {isa = PBXFileReference; lastKnownFileType = file; path = Museo_Slab_100.otf; sourceTree = "<group>"; };
		5384B76E20A5E6710000EF69 /* locaties.json */ = {isa = PBXFileReference; fileEncoding = 4; lastKnownFileType = text.json; path = locaties.json; sourceTree = "<group>"; };
		53AB18DA209F5DB00076499F /* Assets.xcassets */ = {isa = PBXFileReference; lastKnownFileType = folder.assetcatalog; path = Assets.xcassets; sourceTree = "<group>"; };
		53C8F157209F201200A8A40A /* CakeTableViewCell.swift */ = {isa = PBXFileReference; lastKnownFileType = sourcecode.swift; path = CakeTableViewCell.swift; sourceTree = "<group>"; };
		53C8F15B209F268200A8A40A /* CakeDetailViewController.swift */ = {isa = PBXFileReference; fileEncoding = 4; lastKnownFileType = sourcecode.swift; path = CakeDetailViewController.swift; sourceTree = "<group>"; };
		53C8F15D209F2E0000A8A40A /* OrderTableViewController.swift */ = {isa = PBXFileReference; lastKnownFileType = sourcecode.swift; path = OrderTableViewController.swift; sourceTree = "<group>"; };
		53C8F163209F309900A8A40A /* Order.swift */ = {isa = PBXFileReference; lastKnownFileType = sourcecode.swift; path = Order.swift; sourceTree = "<group>"; };
		53C8F165209F30BA00A8A40A /* Cake.swift */ = {isa = PBXFileReference; lastKnownFileType = sourcecode.swift; path = Cake.swift; sourceTree = "<group>"; };
		53FCC9E920A429450046B12A /* CakeListTableViewController.swift */ = {isa = PBXFileReference; fileEncoding = 4; lastKnownFileType = sourcecode.swift; path = CakeListTableViewController.swift; sourceTree = "<group>"; };
		53FCCA1F20A45D1B0046B12A /* HomeViewController.swift */ = {isa = PBXFileReference; lastKnownFileType = sourcecode.swift; path = HomeViewController.swift; sourceTree = "<group>"; };
		C18F6FD9BA939072FD255801 /* Pods-JuliesHouse.release.xcconfig */ = {isa = PBXFileReference; includeInIndex = 1; lastKnownFileType = text.xcconfig; name = "Pods-JuliesHouse.release.xcconfig"; path = "Pods/Target Support Files/Pods-JuliesHouse/Pods-JuliesHouse.release.xcconfig"; sourceTree = "<group>"; };
/* End PBXFileReference section */

/* Begin PBXFrameworksBuildPhase section */
		53816735209F08C900620498 /* Frameworks */ = {
			isa = PBXFrameworksBuildPhase;
			buildActionMask = 2147483647;
			files = (
				84B62624591C15EA8106A9B3 /* Pods_JuliesHouse.framework in Frameworks */,
			);
			runOnlyForDeploymentPostprocessing = 0;
		};
/* End PBXFrameworksBuildPhase section */

/* Begin PBXGroup section */
		536C0BF7209F142500C6ABAE /* Storyboards */ = {
			isa = PBXGroup;
			children = (
				53816744209F08CA00620498 /* LaunchScreen.storyboard */,
				5381673F209F08C900620498 /* Main.storyboard */,
			);
			path = Storyboards;
			sourceTree = "<group>";
		};
		536C0BF8209F144700C6ABAE /* Controllers */ = {
			isa = PBXGroup;
			children = (
				53FCC9E920A429450046B12A /* CakeListTableViewController.swift */,
				53C8F15B209F268200A8A40A /* CakeDetailViewController.swift */,
				53C8F15D209F2E0000A8A40A /* OrderTableViewController.swift */,
				53FCCA1F20A45D1B0046B12A /* HomeViewController.swift */,
				530BB36C20A4A097006B9B5B /* MapViewController.swift */,
			);
			path = Controllers;
			sourceTree = "<group>";
		};
		536C0BF9209F145F00C6ABAE /* Resources */ = {
			isa = PBXGroup;
			children = (
				53AB18DA209F5DB00076499F /* Assets.xcassets */,
				53816747209F08CA00620498 /* Info.plist */,
			);
			path = Resources;
			sourceTree = "<group>";
		};
		536C0BFA209F147700C6ABAE /* Others */ = {
			isa = PBXGroup;
			children = (
				5381673B209F08C900620498 /* AppDelegate.swift */,
				53C8F157209F201200A8A40A /* CakeTableViewCell.swift */,
				53C8F163209F309900A8A40A /* Order.swift */,
				53C8F165209F30BA00A8A40A /* Cake.swift */,
				530BB36E20A4A336006B9B5B /* CityLocation.swift */,
			);
			path = Others;
			sourceTree = "<group>";
		};
		5381672F209F08C900620498 = {
			isa = PBXGroup;
			children = (
				5381673A209F08C900620498 /* JuliesHouse */,
				53816739209F08C900620498 /* Products */,
				8C9AFC29D22C67EDCEC59FAA /* Pods */,
				58CAF97666D67209E7071F6A /* Frameworks */,
			);
			sourceTree = "<group>";
		};
		53816739209F08C900620498 /* Products */ = {
			isa = PBXGroup;
			children = (
				53816738209F08C900620498 /* JuliesHouse.app */,
			);
			name = Products;
			sourceTree = "<group>";
		};
		5381673A209F08C900620498 /* JuliesHouse */ = {
			isa = PBXGroup;
			children = (
				5384B76E20A5E6710000EF69 /* locaties.json */,
				53FCCA2120A460330046B12A /* Fonts */,
				536C0BF8209F144700C6ABAE /* Controllers */,
				536C0BFA209F147700C6ABAE /* Others */,
				536C0BF9209F145F00C6ABAE /* Resources */,
				536C0BF7209F142500C6ABAE /* Storyboards */,
			);
			path = JuliesHouse;
			sourceTree = "<group>";
		};
		53FCCA2120A460330046B12A /* Fonts */ = {
			isa = PBXGroup;
			children = (
				5384B75620A5BF320000EF69 /* Museo_Slab_100.otf */,
				5384B75120A5BF310000EF69 /* Museo_Slab_100italic.otf */,
				5384B75320A5BF310000EF69 /* Museo_Slab_500.otf */,
				5384B75420A5BF310000EF69 /* Museo_Slab_500italic.otf */,
				5384B75220A5BF310000EF69 /* Museo_Slab_700.otf */,
				5384B75520A5BF310000EF69 /* Museo_Slab_700italic.otf */,
			);
			path = Fonts;
			sourceTree = "<group>";
		};
		58CAF97666D67209E7071F6A /* Frameworks */ = {
			isa = PBXGroup;
			children = (
				1A7FE801C87AE5BF60D3012E /* Pods_JuliesHouse.framework */,
			);
			name = Frameworks;
			sourceTree = "<group>";
		};
		8C9AFC29D22C67EDCEC59FAA /* Pods */ = {
			isa = PBXGroup;
			children = (
				1A25B9D1AE013C32898D0BB7 /* Pods-JuliesHouse.debug.xcconfig */,
				C18F6FD9BA939072FD255801 /* Pods-JuliesHouse.release.xcconfig */,
			);
			name = Pods;
			sourceTree = "<group>";
		};
/* End PBXGroup section */

/* Begin PBXNativeTarget section */
		53816737209F08C900620498 /* JuliesHouse */ = {
			isa = PBXNativeTarget;
			buildConfigurationList = 5381674A209F08CA00620498 /* Build configuration list for PBXNativeTarget "JuliesHouse" */;
			buildPhases = (
				80565DD38521510FC29884C1 /* [CP] Check Pods Manifest.lock */,
				53816734209F08C900620498 /* Sources */,
				53816735209F08C900620498 /* Frameworks */,
				53816736209F08C900620498 /* Resources */,
				44A7847745D71468907E67C3 /* [CP] Embed Pods Frameworks */,
			);
			buildRules = (
			);
			dependencies = (
			);
			name = JuliesHouse;
			productName = JuliesHouse;
			productReference = 53816738209F08C900620498 /* JuliesHouse.app */;
			productType = "com.apple.product-type.application";
		};
/* End PBXNativeTarget section */

/* Begin PBXProject section */
		53816730209F08C900620498 /* Project object */ = {
			isa = PBXProject;
			attributes = {
				LastSwiftUpdateCheck = 0930;
				LastUpgradeCheck = 0930;
				ORGANIZATIONNAME = "Yves Rijckaert";
				TargetAttributes = {
					53816737209F08C900620498 = {
						CreatedOnToolsVersion = 9.3;
					};
				};
			};
			buildConfigurationList = 53816733209F08C900620498 /* Build configuration list for PBXProject "JuliesHouse" */;
			compatibilityVersion = "Xcode 9.3";
			developmentRegion = en;
			hasScannedForEncodings = 0;
			knownRegions = (
				en,
				Base,
			);
			mainGroup = 5381672F209F08C900620498;
			productRefGroup = 53816739209F08C900620498 /* Products */;
			projectDirPath = "";
			projectRoot = "";
			targets = (
				53816737209F08C900620498 /* JuliesHouse */,
			);
		};
/* End PBXProject section */

/* Begin PBXResourcesBuildPhase section */
		53816736209F08C900620498 /* Resources */ = {
			isa = PBXResourcesBuildPhase;
			buildActionMask = 2147483647;
			files = (
				53816746209F08CA00620498 /* LaunchScreen.storyboard in Resources */,
				5384B75A20A5BF320000EF69 /* Museo_Slab_500italic.otf in Resources */,
				53AB18DB209F5DB00076499F /* Assets.xcassets in Resources */,
				5384B76F20A5E6710000EF69 /* locaties.json in Resources */,
				5384B75920A5BF320000EF69 /* Museo_Slab_500.otf in Resources */,
				5384B75820A5BF320000EF69 /* Museo_Slab_700.otf in Resources */,
				53816741209F08C900620498 /* Main.storyboard in Resources */,
				5384B75B20A5BF320000EF69 /* Museo_Slab_700italic.otf in Resources */,
				5384B75720A5BF320000EF69 /* Museo_Slab_100italic.otf in Resources */,
				5384B75C20A5BF320000EF69 /* Museo_Slab_100.otf in Resources */,
			);
			runOnlyForDeploymentPostprocessing = 0;
		};
/* End PBXResourcesBuildPhase section */

/* Begin PBXShellScriptBuildPhase section */
		44A7847745D71468907E67C3 /* [CP] Embed Pods Frameworks */ = {
			isa = PBXShellScriptBuildPhase;
			buildActionMask = 2147483647;
			files = (
			);
			inputPaths = (
				"${SRCROOT}/Pods/Target Support Files/Pods-JuliesHouse/Pods-JuliesHouse-frameworks.sh",
				"${BUILT_PRODUCTS_DIR}/Alamofire/Alamofire.framework",
			);
			name = "[CP] Embed Pods Frameworks";
			outputPaths = (
				"${TARGET_BUILD_DIR}/${FRAMEWORKS_FOLDER_PATH}/Alamofire.framework",
			);
			runOnlyForDeploymentPostprocessing = 0;
			shellPath = /bin/sh;
			shellScript = "\"${SRCROOT}/Pods/Target Support Files/Pods-JuliesHouse/Pods-JuliesHouse-frameworks.sh\"\n";
			showEnvVarsInLog = 0;
		};
		80565DD38521510FC29884C1 /* [CP] Check Pods Manifest.lock */ = {
			isa = PBXShellScriptBuildPhase;
			buildActionMask = 2147483647;
			files = (
			);
			inputPaths = (
				"${PODS_PODFILE_DIR_PATH}/Podfile.lock",
				"${PODS_ROOT}/Manifest.lock",
			);
			name = "[CP] Check Pods Manifest.lock";
			outputPaths = (
				"$(DERIVED_FILE_DIR)/Pods-JuliesHouse-checkManifestLockResult.txt",
			);
			runOnlyForDeploymentPostprocessing = 0;
			shellPath = /bin/sh;
			shellScript = "diff \"${PODS_PODFILE_DIR_PATH}/Podfile.lock\" \"${PODS_ROOT}/Manifest.lock\" > /dev/null\nif [ $? != 0 ] ; then\n    # print error to STDERR\n    echo \"error: The sandbox is not in sync with the Podfile.lock. Run 'pod install' or update your CocoaPods installation.\" >&2\n    exit 1\nfi\n# This output is used by Xcode 'outputs' to avoid re-running this script phase.\necho \"SUCCESS\" > \"${SCRIPT_OUTPUT_FILE_0}\"\n";
			showEnvVarsInLog = 0;
		};
/* End PBXShellScriptBuildPhase section */

/* Begin PBXSourcesBuildPhase section */
		53816734209F08C900620498 /* Sources */ = {
			isa = PBXSourcesBuildPhase;
			buildActionMask = 2147483647;
			files = (
				53C8F15C209F268200A8A40A /* CakeDetailViewController.swift in Sources */,
				53C8F158209F201200A8A40A /* CakeTableViewCell.swift in Sources */,
				53FCC9EA20A429450046B12A /* CakeListTableViewController.swift in Sources */,
				53FCCA2020A45D1B0046B12A /* HomeViewController.swift in Sources */,
				530BB36D20A4A097006B9B5B /* MapViewController.swift in Sources */,
				53C8F164209F309900A8A40A /* Order.swift in Sources */,
				53C8F15E209F2E0100A8A40A /* OrderTableViewController.swift in Sources */,
				53C8F166209F30BA00A8A40A /* Cake.swift in Sources */,
				5381673C209F08C900620498 /* AppDelegate.swift in Sources */,
				530BB36F20A4A336006B9B5B /* CityLocation.swift in Sources */,
			);
			runOnlyForDeploymentPostprocessing = 0;
		};
/* End PBXSourcesBuildPhase section */

/* Begin PBXVariantGroup section */
		5381673F209F08C900620498 /* Main.storyboard */ = {
			isa = PBXVariantGroup;
			children = (
				53816740209F08C900620498 /* Base */,
			);
			name = Main.storyboard;
			sourceTree = "<group>";
		};
		53816744209F08CA00620498 /* LaunchScreen.storyboard */ = {
			isa = PBXVariantGroup;
			children = (
				53816745209F08CA00620498 /* Base */,
			);
			name = LaunchScreen.storyboard;
			sourceTree = "<group>";
		};
/* End PBXVariantGroup section */

/* Begin XCBuildConfiguration section */
		53816748209F08CA00620498 /* Debug */ = {
			isa = XCBuildConfiguration;
			buildSettings = {
				ALWAYS_SEARCH_USER_PATHS = NO;
				CLANG_ANALYZER_NONNULL = YES;
				CLANG_ANALYZER_NUMBER_OBJECT_CONVERSION = YES_AGGRESSIVE;
				CLANG_CXX_LANGUAGE_STANDARD = "gnu++14";
				CLANG_CXX_LIBRARY = "libc++";
				CLANG_ENABLE_MODULES = YES;
				CLANG_ENABLE_OBJC_ARC = YES;
				CLANG_ENABLE_OBJC_WEAK = YES;
				CLANG_WARN_BLOCK_CAPTURE_AUTORELEASING = YES;
				CLANG_WARN_BOOL_CONVERSION = YES;
				CLANG_WARN_COMMA = YES;
				CLANG_WARN_CONSTANT_CONVERSION = YES;
				CLANG_WARN_DEPRECATED_OBJC_IMPLEMENTATIONS = YES;
				CLANG_WARN_DIRECT_OBJC_ISA_USAGE = YES_ERROR;
				CLANG_WARN_DOCUMENTATION_COMMENTS = YES;
				CLANG_WARN_EMPTY_BODY = YES;
				CLANG_WARN_ENUM_CONVERSION = YES;
				CLANG_WARN_INFINITE_RECURSION = YES;
				CLANG_WARN_INT_CONVERSION = YES;
				CLANG_WARN_NON_LITERAL_NULL_CONVERSION = YES;
				CLANG_WARN_OBJC_IMPLICIT_RETAIN_SELF = YES;
				CLANG_WARN_OBJC_LITERAL_CONVERSION = YES;
				CLANG_WARN_OBJC_ROOT_CLASS = YES_ERROR;
				CLANG_WARN_RANGE_LOOP_ANALYSIS = YES;
				CLANG_WARN_STRICT_PROTOTYPES = YES;
				CLANG_WARN_SUSPICIOUS_MOVE = YES;
				CLANG_WARN_UNGUARDED_AVAILABILITY = YES_AGGRESSIVE;
				CLANG_WARN_UNREACHABLE_CODE = YES;
				CLANG_WARN__DUPLICATE_METHOD_MATCH = YES;
				CODE_SIGN_IDENTITY = "iPhone Developer";
				COPY_PHASE_STRIP = NO;
				DEBUG_INFORMATION_FORMAT = dwarf;
				ENABLE_STRICT_OBJC_MSGSEND = YES;
				ENABLE_TESTABILITY = YES;
				GCC_C_LANGUAGE_STANDARD = gnu11;
				GCC_DYNAMIC_NO_PIC = NO;
				GCC_NO_COMMON_BLOCKS = YES;
				GCC_OPTIMIZATION_LEVEL = 0;
				GCC_PREPROCESSOR_DEFINITIONS = (
					"DEBUG=1",
					"$(inherited)",
				);
				GCC_WARN_64_TO_32_BIT_CONVERSION = YES;
				GCC_WARN_ABOUT_RETURN_TYPE = YES_ERROR;
				GCC_WARN_UNDECLARED_SELECTOR = YES;
				GCC_WARN_UNINITIALIZED_AUTOS = YES_AGGRESSIVE;
				GCC_WARN_UNUSED_FUNCTION = YES;
				GCC_WARN_UNUSED_VARIABLE = YES;
				IPHONEOS_DEPLOYMENT_TARGET = 11.3;
				MTL_ENABLE_DEBUG_INFO = YES;
				ONLY_ACTIVE_ARCH = YES;
				SDKROOT = iphoneos;
				SWIFT_ACTIVE_COMPILATION_CONDITIONS = DEBUG;
				SWIFT_OPTIMIZATION_LEVEL = "-Onone";
			};
			name = Debug;
		};
		53816749209F08CA00620498 /* Release */ = {
			isa = XCBuildConfiguration;
			buildSettings = {
				ALWAYS_SEARCH_USER_PATHS = NO;
				CLANG_ANALYZER_NONNULL = YES;
				CLANG_ANALYZER_NUMBER_OBJECT_CONVERSION = YES_AGGRESSIVE;
				CLANG_CXX_LANGUAGE_STANDARD = "gnu++14";
				CLANG_CXX_LIBRARY = "libc++";
				CLANG_ENABLE_MODULES = YES;
				CLANG_ENABLE_OBJC_ARC = YES;
				CLANG_ENABLE_OBJC_WEAK = YES;
				CLANG_WARN_BLOCK_CAPTURE_AUTORELEASING = YES;
				CLANG_WARN_BOOL_CONVERSION = YES;
				CLANG_WARN_COMMA = YES;
				CLANG_WARN_CONSTANT_CONVERSION = YES;
				CLANG_WARN_DEPRECATED_OBJC_IMPLEMENTATIONS = YES;
				CLANG_WARN_DIRECT_OBJC_ISA_USAGE = YES_ERROR;
				CLANG_WARN_DOCUMENTATION_COMMENTS = YES;
				CLANG_WARN_EMPTY_BODY = YES;
				CLANG_WARN_ENUM_CONVERSION = YES;
				CLANG_WARN_INFINITE_RECURSION = YES;
				CLANG_WARN_INT_CONVERSION = YES;
				CLANG_WARN_NON_LITERAL_NULL_CONVERSION = YES;
				CLANG_WARN_OBJC_IMPLICIT_RETAIN_SELF = YES;
				CLANG_WARN_OBJC_LITERAL_CONVERSION = YES;
				CLANG_WARN_OBJC_ROOT_CLASS = YES_ERROR;
				CLANG_WARN_RANGE_LOOP_ANALYSIS = YES;
				CLANG_WARN_STRICT_PROTOTYPES = YES;
				CLANG_WARN_SUSPICIOUS_MOVE = YES;
				CLANG_WARN_UNGUARDED_AVAILABILITY = YES_AGGRESSIVE;
				CLANG_WARN_UNREACHABLE_CODE = YES;
				CLANG_WARN__DUPLICATE_METHOD_MATCH = YES;
				CODE_SIGN_IDENTITY = "iPhone Developer";
				COPY_PHASE_STRIP = NO;
				DEBUG_INFORMATION_FORMAT = "dwarf-with-dsym";
				ENABLE_NS_ASSERTIONS = NO;
				ENABLE_STRICT_OBJC_MSGSEND = YES;
				GCC_C_LANGUAGE_STANDARD = gnu11;
				GCC_NO_COMMON_BLOCKS = YES;
				GCC_WARN_64_TO_32_BIT_CONVERSION = YES;
				GCC_WARN_ABOUT_RETURN_TYPE = YES_ERROR;
				GCC_WARN_UNDECLARED_SELECTOR = YES;
				GCC_WARN_UNINITIALIZED_AUTOS = YES_AGGRESSIVE;
				GCC_WARN_UNUSED_FUNCTION = YES;
				GCC_WARN_UNUSED_VARIABLE = YES;
				IPHONEOS_DEPLOYMENT_TARGET = 11.3;
				MTL_ENABLE_DEBUG_INFO = NO;
				SDKROOT = iphoneos;
				SWIFT_COMPILATION_MODE = wholemodule;
				SWIFT_OPTIMIZATION_LEVEL = "-O";
				VALIDATE_PRODUCT = YES;
			};
			name = Release;
		};
		5381674B209F08CA00620498 /* Debug */ = {
			isa = XCBuildConfiguration;
			baseConfigurationReference = 1A25B9D1AE013C32898D0BB7 /* Pods-JuliesHouse.debug.xcconfig */;
			buildSettings = {
				ASSETCATALOG_COMPILER_APPICON_NAME = AppIcon;
				CODE_SIGN_STYLE = Automatic;
				DEVELOPMENT_TEAM = 9RZW73LTB7;
				INFOPLIST_FILE = "$(SRCROOT)/JuliesHouse/Resources/Info.plist";
				IPHONEOS_DEPLOYMENT_TARGET = 10.0;
				LD_RUNPATH_SEARCH_PATHS = (
					"$(inherited)",
					"@executable_path/Frameworks",
				);
				PRODUCT_BUNDLE_IDENTIFIER = be.devine.nad.iPresent.JuliesHouse;
				PRODUCT_NAME = "$(TARGET_NAME)";
				SWIFT_VERSION = 4.0;
				TARGETED_DEVICE_FAMILY = "1,2";
			};
			name = Debug;
		};
		5381674C209F08CA00620498 /* Release */ = {
			isa = XCBuildConfiguration;
			baseConfigurationReference = C18F6FD9BA939072FD255801 /* Pods-JuliesHouse.release.xcconfig */;
			buildSettings = {
				ASSETCATALOG_COMPILER_APPICON_NAME = AppIcon;
				CODE_SIGN_STYLE = Automatic;
				DEVELOPMENT_TEAM = 9RZW73LTB7;
				INFOPLIST_FILE = "$(SRCROOT)/JuliesHouse/Resources/Info.plist";
				IPHONEOS_DEPLOYMENT_TARGET = 10.0;
				LD_RUNPATH_SEARCH_PATHS = (
					"$(inherited)",
					"@executable_path/Frameworks",
				);
				PRODUCT_BUNDLE_IDENTIFIER = be.devine.nad.iPresent.JuliesHouse;
				PRODUCT_NAME = "$(TARGET_NAME)";
				SWIFT_VERSION = 4.0;
				TARGETED_DEVICE_FAMILY = "1,2";
			};
			name = Release;
		};
/* End XCBuildConfiguration section */

/* Begin XCConfigurationList section */
		53816733209F08C900620498 /* Build configuration list for PBXProject "JuliesHouse" */ = {
			isa = XCConfigurationList;
			buildConfigurations = (
				53816748209F08CA00620498 /* Debug */,
				53816749209F08CA00620498 /* Release */,
			);
			defaultConfigurationIsVisible = 0;
			defaultConfigurationName = Release;
		};
		5381674A209F08CA00620498 /* Build configuration list for PBXNativeTarget "JuliesHouse" */ = {
			isa = XCConfigurationList;
			buildConfigurations = (
				5381674B209F08CA00620498 /* Debug */,
				5381674C209F08CA00620498 /* Release */,
			);
			defaultConfigurationIsVisible = 0;
			defaultConfigurationName = Release;
		};
/* End XCConfigurationList section */
	};
	rootObject = 53816730209F08C900620498 /* Project object */;
}
